
Microsoft Visual Studio Solution File, Format Version 12.00
# Visual Studio 15
VisualStudioVersion = 15.0.28307.329
MinimumVisualStudioVersion = 10.0.40219.1
Project("{FAE04EC0-301F-11D3-BF4B-00C04F79EFBC}") = "BowlingGame", "BowlingGame\BowlingGame.csproj", "{F83F8CD2-73AC-48ED-BE25-6D04F35844F4}"
EndProject
Global
	GlobalSection(SolutionConfigurationPlatforms) = preSolution
		Debug|Any CPU = Debug|Any CPU
		Release|Any CPU = Release|Any CPU
	EndGlobalSection
	GlobalSection(ProjectConfigurationPlatforms) = postSolution
		{F83F8CD2-73AC-48ED-BE25-6D04F35844F4}.Debug|Any CPU.ActiveCfg = Debug|Any CPU
		{F83F8CD2-73AC-48ED-BE25-6D04F35844F4}.Debug|Any CPU.Build.0 = Debug|Any CPU
		{F83F8CD2-73AC-48ED-BE25-6D04F35844F4}.Release|Any CPU.ActiveCfg = Release|Any CPU
		{F83F8CD2-73AC-48ED-BE25-6D04F35844F4}.Release|Any CPU.Build.0 = Release|Any CPU
	EndGlobalSection
	GlobalSection(SolutionProperties) = preSolution
		HideSolutionNode = FALSE
	EndGlobalSection
	GlobalSection(ExtensibilityGlobals) = postSolution
		SolutionGuid = {5C98C582-2CEC-4918-8DD7-DB35375D8F59}
	EndGlobalSection
EndGlobal
